Microsoft Visual Studio Solution File, Format Version 12.00
# Visual Studio Version 17
VisualStudioVersion = 17.5.2.0
MinimumVisualStudioVersion = 10.0.40219.1
Project("{2150E333-8FDC-42A3-9474-1A3956D46DE8}") = "src", "src", "{827E0CD3-B72D-47B6-A68D-7590B98EB39B}"
EndProject
Project("{2150E333-8FDC-42A3-9474-1A3956D46DE8}") = "power_flow_library", "power_flow_library", "{C2FB7919-FE0E-FB28-CB73-6697BBDDC2A7}"
EndProject
Project("{FAE04EC0-301F-11D3-BF4B-00C04F79EFBC}") = "PowerFLow", "src\power_flow_library\PowerFLow\PowerFLow.csproj", "{3154B7F0-2399-4AC3-F8A3-9F7EE9592F50}"
EndProject
Global
	GlobalSection(SolutionConfigurationPlatforms) = preSolution
		Debug|Any CPU = Debug|Any CPU
		Release|Any CPU = Release|Any CPU
	EndGlobalSection
	GlobalSection(ProjectConfigurationPlatforms) = postSolution
		{3154B7F0-2399-4AC3-F8A3-9F7EE9592F50}.Debug|Any CPU.ActiveCfg = Debug|Any CPU
		{3154B7F0-2399-4AC3-F8A3-9F7EE9592F50}.Debug|Any CPU.Build.0 = Debug|Any CPU
		{3154B7F0-2399-4AC3-F8A3-9F7EE9592F50}.Release|Any CPU.ActiveCfg = Release|Any CPU
		{3154B7F0-2399-4AC3-F8A3-9F7EE9592F50}.Release|Any CPU.Build.0 = Release|Any CPU
	EndGlobalSection
	GlobalSection(SolutionProperties) = preSolution
		HideSolutionNode = FALSE
	EndGlobalSection
	GlobalSection(NestedProjects) = preSolution
		{C2FB7919-FE0E-FB28-CB73-6697BBDDC2A7} = {827E0CD3-B72D-47B6-A68D-7590B98EB39B}
		{3154B7F0-2399-4AC3-F8A3-9F7EE9592F50} = {C2FB7919-FE0E-FB28-CB73-6697BBDDC2A7}
	EndGlobalSection
	GlobalSection(ExtensibilityGlobals) = postSolution
		SolutionGuid = {32EA3782-6214-44B0-81FC-4B73E235AE20}
	EndGlobalSection
EndGlobal
